<?xml version="1.0" encoding="utf-8"?>
<Project ToolsVersion="4.0" xmlns="http://schemas.microsoft.com/developer/msbuild/2003">
  <ItemGroup>
    <Filter Include="Source Files">
      <UniqueIdentifier>{b6ed3dff-4e10-4d5a-8afc-2b6327a89170}</UniqueIdentifier>
      <Extensions>cpp;c;cxx;rc;def;r;odl;idl;hpj;bat</Extensions>
    </Filter>
    <Filter Include="Source Files\common">
      <UniqueIdentifier>{24375425-1222-4661-b22d-482127369979}</UniqueIdentifier>
    </Filter>
    <Filter Include="Source Files\master">
      <UniqueIdentifier>{12b17137-6f5a-4eea-b62a-760eae750aba}</UniqueIdentifier>
    </Filter>
    <Filter Include="Source Files\slave">
      <UniqueIdentifier>{606b07d6-53ed-497c-8dd2-9f7f14384b09}</UniqueIdentifier>
    </Filter>
    <Filter Include="Header Files">
      <UniqueIdentifier>{449f2133-5f43-421a-a733-a8b13596c8b8}</UniqueIdentifier>
      <Extensions>h;hpp;hxx;hm;inl</Extensions>
    </Filter>
  </ItemGroup>
  <ItemGroup>
    <ClCompile Include="..\src\__can_main.c">
      <Filter>Source Files</Filter>
    </ClCompile>
    <ClCompile Include="..\src\__can_system.c">
      <Filter>Source Files</Filter>
    </ClCompile>
    <ClCompile Include="..\src\common\__can_events.c">
      <Filter>Source Files\common</Filter>
    </ClCompile>
    <ClCompile Include="..\src\common\__can_init.c">
      <Filter>Source Files\common</Filter>
    </ClCompile>
    <ClCompile Include="..\src\common\can_backinit.c">
      <Filter>Source Files\common</Filter>
    </ClCompile>
    <ClCompile Include="..\src\common\can_globals.c">
      <Filter>Source Files\common</Filter>
    </ClCompile>
    <ClCompile Include="..\src\common\can_inout.c">
      <Filter>Source Files\common</Filter>
    </ClCompile>
    <ClCompile Include="..\src\common\can_led_indicator.c">
      <Filter>Source Files\common</Filter>
    </ClCompile>
    <ClCompile Include="..\src\common\can_lib.c">
      <Filter>Source Files\common</Filter>
    </ClCompile>
    <ClCompile Include="..\src\common\can_malloc.c">
      <Filter>Source Files\common</Filter>
    </ClCompile>
    <ClCompile Include="..\src\common\can_nmt_master.c">
      <Filter>Source Files\common</Filter>
    </ClCompile>
    <ClCompile Include="..\src\common\can_nmt_slave.c">
      <Filter>Source Files\common</Filter>
    </ClCompile>
    <ClCompile Include="..\src\common\can_obj_deftype.c">
      <Filter>Source Files\common</Filter>
    </ClCompile>
    <ClCompile Include="..\src\common\can_obj_emcy.c">
      <Filter>Source Files\common</Filter>
    </ClCompile>
    <ClCompile Include="..\src\common\can_obj_err_behaviour.c">
      <Filter>Source Files\common</Filter>
    </ClCompile>
    <ClCompile Include="..\src\common\can_obj_errors.c">
      <Filter>Source Files\common</Filter>
    </ClCompile>
    <ClCompile Include="..\src\common\can_obj_re_store.c">
      <Filter>Source Files\common</Filter>
    </ClCompile>
    <ClCompile Include="..\src\common\can_obj_sync.c">
      <Filter>Source Files\common</Filter>
    </ClCompile>
    <ClCompile Include="..\src\common\can_obj_time.c">
      <Filter>Source Files\common</Filter>
    </ClCompile>
    <ClCompile Include="..\src\common\can_pdo_map.c">
      <Filter>Source Files\common</Filter>
    </ClCompile>
    <ClCompile Include="..\src\common\can_pdo_obd.c">
      <Filter>Source Files\common</Filter>
    </ClCompile>
    <ClCompile Include="..\src\common\can_pdo_proc.c">
      <Filter>Source Files\common</Filter>
    </ClCompile>
    <ClCompile Include="..\src\common\can_sdo_proc.c">
      <Filter>Source Files\common</Filter>
    </ClCompile>
    <ClCompile Include="..\src\master\__can_test_application.c">
      <Filter>Source Files\master</Filter>
    </ClCompile>
    <ClCompile Include="..\src\master\__obd_mans_master.c">
      <Filter>Source Files\master</Filter>
    </ClCompile>
    <ClCompile Include="..\src\master\can_client.c">
      <Filter>Source Files\master</Filter>
    </ClCompile>
    <ClCompile Include="..\src\master\can_cltrans.c">
      <Filter>Source Files\master</Filter>
    </ClCompile>
    <ClCompile Include="..\src\master\can_obdclt.c">
      <Filter>Source Files\master</Filter>
    </ClCompile>
    <ClCompile Include="..\src\master\can_obdsdo_client.c">
      <Filter>Source Files\master</Filter>
    </ClCompile>
    <ClCompile Include="..\src\master\can_test_driver.c">
      <Filter>Source Files\master</Filter>
    </ClCompile>
    <ClCompile Include="..\src\slave\__can_devices.c">
      <Filter>Source Files\slave</Filter>
    </ClCompile>
    <ClCompile Include="..\src\slave\__obd_mans_slave.c">
      <Filter>Source Files\slave</Filter>
    </ClCompile>
    <ClCompile Include="..\src\slave\can_obdsdo_server.c">
      <Filter>Source Files\slave</Filter>
    </ClCompile>
    <ClCompile Include="..\src\slave\can_obdsrv.c">
      <Filter>Source Files\slave</Filter>
    </ClCompile>
    <ClCompile Include="..\src\slave\can_server.c">
      <Filter>Source Files\slave</Filter>
    </ClCompile>
    <ClCompile Include="..\src\slave\can_obj_device.c">
      <Filter>Source Files\slave</Filter>
    </ClCompile>
    <ClCompile Include="..\src\common\can_canid.c">
      <Filter>Source Files\common</Filter>
    </ClCompile>
  </ItemGroup>
  <ItemGroup>
    <ClInclude Include="..\src\include\__can_defines.h">
      <Filter>Header Files</Filter>
    </ClInclude>
    <ClInclude Include="..\src\include\__can_defunc_master.h">
      <Filter>Header Files</Filter>
    </ClInclude>
    <ClInclude Include="..\src\include\__can_node_id.h">
      <Filter>Header Files</Filter>
    </ClInclude>
    <ClInclude Include="..\src\include\can_defines.h">
      <Filter>Header Files</Filter>
    </ClInclude>
    <ClInclude Include="..\src\include\can_defunc.h">
      <Filter>Header Files</Filter>
    </ClInclude>
    <ClInclude Include="..\src\include\can_defunc_master.h">
      <Filter>Header Files</Filter>
    </ClInclude>
    <ClInclude Include="..\src\include\can_defunc_nmt.h">
      <Filter>Header Files</Filter>
    </ClInclude>
    <ClInclude Include="..\src\include\can_defunc_slave.h">
      <Filter>Header Files</Filter>
    </ClInclude>
    <ClInclude Include="..\src\include\can_genhead.h">
      <Filter>Header Files</Filter>
    </ClInclude>
    <ClInclude Include="..\src\include\can_header.h">
      <Filter>Header Files</Filter>
    </ClInclude>
    <ClInclude Include="..\src\include\can_structures.h">
      <Filter>Header Files</Filter>
    </ClInclude>
    <ClInclude Include="..\src\include\can_typedefs.h">
      <Filter>Header Files</Filter>
    </ClInclude>
    <ClInclude Include="..\src\include\can_user_api_call.h">
      <Filter>Header Files</Filter>
    </ClInclude>
    <ClInclude Include="..\src\include\can_user_api_edit.h">
      <Filter>Header Files</Filter>
    </ClInclude>
    <ClInclude Include="..\src\include\can_macros.h">
      <Filter>Header Files</Filter>
    </ClInclude>
    <ClInclude Include="..\src\include\can_globals.h">
      <Filter>Header Files</Filter>
    </ClInclude>
  </ItemGroup>
</Project>