<?xml version="1.0" encoding="utf-8"?>
<Project ToolsVersion="4.0" xmlns="http://schemas.microsoft.com/developer/msbuild/2003">
  <ItemGroup>
    <Filter Include="Source Files">
      <UniqueIdentifier>{6c6d6ac8-f3cf-45d0-83b3-2444b0250c0b}</UniqueIdentifier>
      <Extensions>cpp;c;cxx;rc;def;r;odl;idl;hpj;bat</Extensions>
    </Filter>
    <Filter Include="Source Files\CANopenLib">
      <UniqueIdentifier>{c4db3d00-dc76-48a8-927a-ad26a61c8728}</UniqueIdentifier>
    </Filter>
    <Filter Include="Source Files\CANopenLib\CANopen">
      <UniqueIdentifier>{367cb6bb-19e9-4b18-8e06-07635c1d89a2}</UniqueIdentifier>
    </Filter>
    <Filter Include="Source Files\Application">
      <UniqueIdentifier>{ae2a39ce-2dd9-47a4-9161-7cab00ad9dc4}</UniqueIdentifier>
    </Filter>
    <Filter Include="Source Files\Application\application">
      <UniqueIdentifier>{32cd8790-3105-4ee3-b9ae-b859ef64b5bf}</UniqueIdentifier>
    </Filter>
    <Filter Include="Source Files\Application\CANopen">
      <UniqueIdentifier>{35351026-08aa-43f3-bdda-fd974ba011fa}</UniqueIdentifier>
    </Filter>
    <Filter Include="Header Files">
      <UniqueIdentifier>{6883b4bf-8d2b-4245-9ed1-8021a06f6690}</UniqueIdentifier>
      <Extensions>h;hpp;hxx;hm;inl</Extensions>
    </Filter>
    <Filter Include="Header Files\CANopenLib">
      <UniqueIdentifier>{9cb339d6-401f-4276-bc75-a24418ce3c5a}</UniqueIdentifier>
    </Filter>
    <Filter Include="Header Files\Application">
      <UniqueIdentifier>{c2a9767b-2a55-4201-b90f-6f6a16030e98}</UniqueIdentifier>
    </Filter>
  </ItemGroup>
  <ItemGroup>
    <ClCompile Include="..\src\CANopen\__DS401_devices.c">
      <Filter>Source Files\Application\CANopen</Filter>
    </ClCompile>
    <ClCompile Include="..\src\CANopen\__DS401_init.c">
      <Filter>Source Files\Application\CANopen</Filter>
    </ClCompile>
    <ClCompile Include="..\src\CANopen\DS401_globals.c">
      <Filter>Source Files\Application\CANopen</Filter>
    </ClCompile>
    <ClCompile Include="..\src\CANopen\DS401_obj_re_store.c">
      <Filter>Source Files\Application\CANopen</Filter>
    </ClCompile>
    <ClCompile Include="..\src\application\DS401_manspec.c">
      <Filter>Source Files\Application\application</Filter>
    </ClCompile>
    <ClCompile Include="..\src\application\DS401_standev.c">
      <Filter>Source Files\Application\application</Filter>
    </ClCompile>
    <ClCompile Include="..\src\application\DS401_control.c">
      <Filter>Source Files\Application\application</Filter>
    </ClCompile>
    <ClCompile Include="..\..\..\CANopen_WinLib_EN50325-5\CANopen\__lib_events.c">
      <Filter>Source Files\CANopenLib\CANopen</Filter>
    </ClCompile>
    <ClCompile Include="..\..\..\CANopen_WinLib_EN50325-5\CANopen\lib_backinit.c">
      <Filter>Source Files\CANopenLib\CANopen</Filter>
    </ClCompile>
    <ClCompile Include="..\..\..\CANopen_WinLib_EN50325-5\CANopen\lib_can_networks.c">
      <Filter>Source Files\CANopenLib\CANopen</Filter>
    </ClCompile>
    <ClCompile Include="..\..\..\CANopen_WinLib_EN50325-5\CANopen\lib_canid.c">
      <Filter>Source Files\CANopenLib\CANopen</Filter>
    </ClCompile>
    <ClCompile Include="..\..\..\CANopen_WinLib_EN50325-5\CANopen\lib_globals.c">
      <Filter>Source Files\CANopenLib\CANopen</Filter>
    </ClCompile>
    <ClCompile Include="..\..\..\CANopen_WinLib_EN50325-5\CANopen\lib_inout.c">
      <Filter>Source Files\CANopenLib\CANopen</Filter>
    </ClCompile>
    <ClCompile Include="..\..\..\CANopen_WinLib_EN50325-5\CANopen\lib_led_indicator.c">
      <Filter>Source Files\CANopenLib\CANopen</Filter>
    </ClCompile>
    <ClCompile Include="..\..\..\CANopen_WinLib_EN50325-5\CANopen\lib_lib.c">
      <Filter>Source Files\CANopenLib\CANopen</Filter>
    </ClCompile>
    <ClCompile Include="..\..\..\CANopen_WinLib_EN50325-5\CANopen\lib_nmt_slave.c">
      <Filter>Source Files\CANopenLib\CANopen</Filter>
    </ClCompile>
    <ClCompile Include="..\..\..\CANopen_WinLib_EN50325-5\CANopen\lib_obdsdo_server.c">
      <Filter>Source Files\CANopenLib\CANopen</Filter>
    </ClCompile>
    <ClCompile Include="..\..\..\CANopen_WinLib_EN50325-5\CANopen\lib_obdsrv.c">
      <Filter>Source Files\CANopenLib\CANopen</Filter>
    </ClCompile>
    <ClCompile Include="..\..\..\CANopen_WinLib_EN50325-5\CANopen\lib_obj_deftype.c">
      <Filter>Source Files\CANopenLib\CANopen</Filter>
    </ClCompile>
    <ClCompile Include="..\..\..\CANopen_WinLib_EN50325-5\CANopen\lib_obj_device.c">
      <Filter>Source Files\CANopenLib\CANopen</Filter>
    </ClCompile>
    <ClCompile Include="..\..\..\CANopen_WinLib_EN50325-5\CANopen\lib_obj_emcy.c">
      <Filter>Source Files\CANopenLib\CANopen</Filter>
    </ClCompile>
    <ClCompile Include="..\..\..\CANopen_WinLib_EN50325-5\CANopen\lib_obj_err_behaviour.c">
      <Filter>Source Files\CANopenLib\CANopen</Filter>
    </ClCompile>
    <ClCompile Include="..\..\..\CANopen_WinLib_EN50325-5\CANopen\lib_obj_errors.c">
      <Filter>Source Files\CANopenLib\CANopen</Filter>
    </ClCompile>
    <ClCompile Include="..\..\..\CANopen_WinLib_EN50325-5\CANopen\lib_obj_sync.c">
      <Filter>Source Files\CANopenLib\CANopen</Filter>
    </ClCompile>
    <ClCompile Include="..\..\..\CANopen_WinLib_EN50325-5\CANopen\lib_pdo_map.c">
      <Filter>Source Files\CANopenLib\CANopen</Filter>
    </ClCompile>
    <ClCompile Include="..\..\..\CANopen_WinLib_EN50325-5\CANopen\lib_pdo_obd.c">
      <Filter>Source Files\CANopenLib\CANopen</Filter>
    </ClCompile>
    <ClCompile Include="..\..\..\CANopen_WinLib_EN50325-5\CANopen\lib_pdo_proc.c">
      <Filter>Source Files\CANopenLib\CANopen</Filter>
    </ClCompile>
    <ClCompile Include="..\..\..\CANopen_WinLib_EN50325-5\CANopen\lib_sdo_proc.c">
      <Filter>Source Files\CANopenLib\CANopen</Filter>
    </ClCompile>
    <ClCompile Include="..\..\..\CANopen_WinLib_EN50325-5\CANopen\lib_server.c">
      <Filter>Source Files\CANopenLib\CANopen</Filter>
    </ClCompile>
    <ClCompile Include="..\..\..\CANopen_WinLib_EN50325-5\CANopen\lib_srdo_object.c">
      <Filter>Source Files\CANopenLib\CANopen</Filter>
    </ClCompile>
    <ClCompile Include="..\..\..\CANopen_WinLib_EN50325-5\__lib_main.c">
      <Filter>Source Files\CANopenLib</Filter>
    </ClCompile>
    <ClCompile Include="..\..\..\CANopen_WinLib_EN50325-5\can_system_windows.c">
      <Filter>Source Files\CANopenLib</Filter>
    </ClCompile>
    <ClCompile Include="..\..\..\CANopen_WinLib_EN50325-5\CANopen\lib_obj_time.c">
      <Filter>Source Files\CANopenLib\CANopen</Filter>
    </ClCompile>
    <ClCompile Include="..\src\CANopen\DSlib_obj_re_store.c">
      <Filter>Source Files\Application\CANopen</Filter>
    </ClCompile>
  </ItemGroup>
  <ItemGroup>
    <ClInclude Include="..\src\include\lib_application.h">
      <Filter>Header Files\Application</Filter>
    </ClInclude>
    <ClInclude Include="..\src\include\DS401_header.h">
      <Filter>Header Files\Application</Filter>
    </ClInclude>
    <ClInclude Include="..\src\include\DS401_defunc.h">
      <Filter>Header Files\Application</Filter>
    </ClInclude>
    <ClInclude Include="..\src\include\DS401_genhead.h">
      <Filter>Header Files\Application</Filter>
    </ClInclude>
    <ClInclude Include="..\src\include\DS401_globals.h">
      <Filter>Header Files\Application</Filter>
    </ClInclude>
    <ClInclude Include="..\src\include\__DS401_structures.h">
      <Filter>Header Files\Application</Filter>
    </ClInclude>
    <ClInclude Include="..\..\..\CANopen_WinLib_EN50325-5\include\lib_commonhead.h">
      <Filter>Header Files\CANopenLib</Filter>
    </ClInclude>
    <ClInclude Include="..\..\..\CANopen_WinLib_EN50325-5\include\lib_defines.h">
      <Filter>Header Files\CANopenLib</Filter>
    </ClInclude>
    <ClInclude Include="..\..\..\CANopen_WinLib_EN50325-5\include\lib_defunc.h">
      <Filter>Header Files\CANopenLib</Filter>
    </ClInclude>
    <ClInclude Include="..\..\..\CANopen_WinLib_EN50325-5\include\lib_genhead.h">
      <Filter>Header Files\CANopenLib</Filter>
    </ClInclude>
    <ClInclude Include="..\..\..\CANopen_WinLib_EN50325-5\include\lib_globals.h">
      <Filter>Header Files\CANopenLib</Filter>
    </ClInclude>
    <ClInclude Include="..\..\..\CANopen_WinLib_EN50325-5\include\lib_header.h">
      <Filter>Header Files\CANopenLib</Filter>
    </ClInclude>
    <ClInclude Include="..\..\..\CANopen_WinLib_EN50325-5\include\lib_macros.h">
      <Filter>Header Files\CANopenLib</Filter>
    </ClInclude>
    <ClInclude Include="..\..\..\CANopen_WinLib_EN50325-5\include\lib_structures.h">
      <Filter>Header Files\CANopenLib</Filter>
    </ClInclude>
    <ClInclude Include="..\..\..\CANopen_WinLib_EN50325-5\include\lib_typedefs.h">
      <Filter>Header Files\CANopenLib</Filter>
    </ClInclude>
    <ClInclude Include="..\src\include\__DS401_defines_windows.h">
      <Filter>Header Files\Application</Filter>
    </ClInclude>
  </ItemGroup>
</Project>