<?xml version="1.0" encoding="utf-8"?>
<Project ToolsVersion="4.0" xmlns="http://schemas.microsoft.com/developer/msbuild/2003">
  <ItemGroup>
    <Filter Include="Source Files">
      <UniqueIdentifier>{60c40f8b-1d08-425a-a49f-e4fe470e1153}</UniqueIdentifier>
      <Extensions>cpp;c;cxx;rc;def;r;odl;idl;hpj;bat</Extensions>
    </Filter>
    <Filter Include="Header Files">
      <UniqueIdentifier>{8aaa1708-4d1f-4b3a-9149-4f81a273c160}</UniqueIdentifier>
      <Extensions>h;hpp;hxx;hm;inl</Extensions>
    </Filter>
    <Filter Include="Source Files\CANopen">
      <UniqueIdentifier>{e1a038fc-4570-4fd3-8488-24276923ca23}</UniqueIdentifier>
    </Filter>
    <Filter Include="Source Files\application">
      <UniqueIdentifier>{1e5cd6bd-b7d0-4980-8b63-a5436c0392a7}</UniqueIdentifier>
    </Filter>
  </ItemGroup>
  <ItemGroup>
    <ClCompile Include="..\..\DLL_src\application\master_dll_events.c">
      <Filter>Source Files\application</Filter>
    </ClCompile>
    <ClCompile Include="..\..\DLL_src\application\master_dll_logger.c">
      <Filter>Source Files\application</Filter>
    </ClCompile>
    <ClCompile Include="..\..\DLL_src\application\master_dll_nmt_master.c">
      <Filter>Source Files\application</Filter>
    </ClCompile>
    <ClCompile Include="..\..\DLL_src\application\master_dll_node_obd.c">
      <Filter>Source Files\application</Filter>
    </ClCompile>
    <ClCompile Include="..\..\DLL_src\application\master_dll_sdo_transfer.c">
      <Filter>Source Files\application</Filter>
    </ClCompile>
    <ClCompile Include="..\..\DLL_src\CANopen\master_dll_backinit.c">
      <Filter>Source Files\CANopen</Filter>
    </ClCompile>
    <ClCompile Include="..\..\DLL_src\CANopen\master_dll_canid.c">
      <Filter>Source Files\CANopen</Filter>
    </ClCompile>
    <ClCompile Include="..\..\DLL_src\CANopen\master_dll_client.c">
      <Filter>Source Files\CANopen</Filter>
    </ClCompile>
    <ClCompile Include="..\..\DLL_src\CANopen\master_dll_cltrans.c">
      <Filter>Source Files\CANopen</Filter>
    </ClCompile>
    <ClCompile Include="..\..\DLL_src\CANopen\master_dll_globals.c">
      <Filter>Source Files\CANopen</Filter>
    </ClCompile>
    <ClCompile Include="..\..\DLL_src\CANopen\master_dll_inout.c">
      <Filter>Source Files\CANopen</Filter>
    </ClCompile>
    <ClCompile Include="..\..\DLL_src\CANopen\master_dll_lib.c">
      <Filter>Source Files\CANopen</Filter>
    </ClCompile>
    <ClCompile Include="..\..\DLL_src\CANopen\master_dll_obdsdo_client.c">
      <Filter>Source Files\CANopen</Filter>
    </ClCompile>
    <ClCompile Include="..\..\DLL_src\CANopen\master_dll_obj_deftype.c">
      <Filter>Source Files\CANopen</Filter>
    </ClCompile>
    <ClCompile Include="..\..\DLL_src\CANopen\master_dll_obj_sync.c">
      <Filter>Source Files\CANopen</Filter>
    </ClCompile>
    <ClCompile Include="..\..\DLL_src\CANopen\master_dll_pdo_map.c">
      <Filter>Source Files\CANopen</Filter>
    </ClCompile>
    <ClCompile Include="..\..\DLL_src\CANopen\master_dll_pdo_obd.c">
      <Filter>Source Files\CANopen</Filter>
    </ClCompile>
    <ClCompile Include="..\..\DLL_src\CANopen\master_dll_pdo_proc.c">
      <Filter>Source Files\CANopen</Filter>
    </ClCompile>
    <ClCompile Include="..\..\DLL_src\CANopen\master_dll_sdo_proc.c">
      <Filter>Source Files\CANopen</Filter>
    </ClCompile>
    <ClCompile Include="..\..\DLL_src\can_master_system_winlib.c">
      <Filter>Source Files</Filter>
    </ClCompile>
  </ItemGroup>
  <ItemGroup>
    <ClInclude Include="..\..\DLL_src\include\__obd_dll_defines.h">
      <Filter>Header Files</Filter>
    </ClInclude>
    <ClInclude Include="..\..\DLL_src\include\master_dll_defunc.h">
      <Filter>Header Files</Filter>
    </ClInclude>
    <ClInclude Include="..\..\DLL_src\include\master_dll_genhead.h">
      <Filter>Header Files</Filter>
    </ClInclude>
    <ClInclude Include="..\..\DLL_src\include\master_dll_globals.h">
      <Filter>Header Files</Filter>
    </ClInclude>
    <ClInclude Include="..\..\DLL_src\include\master_dll_header.h">
      <Filter>Header Files</Filter>
    </ClInclude>
  </ItemGroup>
</Project>